
Microsoft Visual Studio Solution File, Format Version 12.00
# Visual Studio Version 17
VisualStudioVersion = 17.0.31903.59
MinimumVisualStudioVersion = 10.0.40219.1
Project("{2150E333-8FDC-42A3-9474-1A3956D46DE8}") = "chat", "chat", "{181F796C-2617-42A2-98EA-CFFF27E3ECEF}"
EndProject
Project("{FAE04EC0-301F-11D3-BF4B-00C04F79EFBC}") = "Chat", "chat\src\Chat.csproj", "{EF98518F-B57F-41A3-A9E9-440B70BB90AF}"
EndProject
Project("{FAE04EC0-301F-11D3-BF4B-00C04F79EFBC}") = "ChatTest", "chat\test\ChatTest.csproj", "{B8362C1F-02C6-4F8A-884B-A48638B332D9}"
EndProject
Project("{2150E333-8FDC-42A3-9474-1A3956D46DE8}") = "client", "client", "{1CB3B1E8-7770-42E3-A158-C46F81B4A1C2}"
EndProject
Project("{FAE04EC0-301F-11D3-BF4B-00C04F79EFBC}") = "Client", "client\src\Client.csproj", "{4B8071E5-E2DF-42F0-BAC1-49A2098B77C6}"
EndProject
Global
	GlobalSection(SolutionConfigurationPlatforms) = preSolution
		Debug|Any CPU = Debug|Any CPU
		Release|Any CPU = Release|Any CPU
	EndGlobalSection
	GlobalSection(SolutionProperties) = preSolution
		HideSolutionNode = FALSE
	EndGlobalSection
	GlobalSection(ProjectConfigurationPlatforms) = postSolution
		{EF98518F-B57F-41A3-A9E9-440B70BB90AF}.Debug|Any CPU.ActiveCfg = Debug|Any CPU
		{EF98518F-B57F-41A3-A9E9-440B70BB90AF}.Debug|Any CPU.Build.0 = Debug|Any CPU
		{EF98518F-B57F-41A3-A9E9-440B70BB90AF}.Release|Any CPU.ActiveCfg = Release|Any CPU
		{EF98518F-B57F-41A3-A9E9-440B70BB90AF}.Release|Any CPU.Build.0 = Release|Any CPU
		{B8362C1F-02C6-4F8A-884B-A48638B332D9}.Debug|Any CPU.ActiveCfg = Debug|Any CPU
		{B8362C1F-02C6-4F8A-884B-A48638B332D9}.Debug|Any CPU.Build.0 = Debug|Any CPU
		{B8362C1F-02C6-4F8A-884B-A48638B332D9}.Release|Any CPU.ActiveCfg = Release|Any CPU
		{B8362C1F-02C6-4F8A-884B-A48638B332D9}.Release|Any CPU.Build.0 = Release|Any CPU
		{4B8071E5-E2DF-42F0-BAC1-49A2098B77C6}.Debug|Any CPU.ActiveCfg = Debug|Any CPU
		{4B8071E5-E2DF-42F0-BAC1-49A2098B77C6}.Debug|Any CPU.Build.0 = Debug|Any CPU
		{4B8071E5-E2DF-42F0-BAC1-49A2098B77C6}.Release|Any CPU.ActiveCfg = Release|Any CPU
		{4B8071E5-E2DF-42F0-BAC1-49A2098B77C6}.Release|Any CPU.Build.0 = Release|Any CPU
	EndGlobalSection
	GlobalSection(NestedProjects) = preSolution
		{EF98518F-B57F-41A3-A9E9-440B70BB90AF} = {181F796C-2617-42A2-98EA-CFFF27E3ECEF}
		{B8362C1F-02C6-4F8A-884B-A48638B332D9} = {181F796C-2617-42A2-98EA-CFFF27E3ECEF}
		{4B8071E5-E2DF-42F0-BAC1-49A2098B77C6} = {1CB3B1E8-7770-42E3-A158-C46F81B4A1C2}
	EndGlobalSection
EndGlobal
