
Microsoft Visual Studio Solution File, Format Version 12.00
# Visual Studio Version 17
VisualStudioVersion = 17.0.31903.59
MinimumVisualStudioVersion = 10.0.40219.1
Project("{FAE04EC0-301F-11D3-BF4B-00C04F79EFBC}") = "Chat", "Chat\Chat.csproj", "{D96E8187-BFCE-48D9-AC7E-B773F1DC9718}"
EndProject
Project("{FAE04EC0-301F-11D3-BF4B-00C04F79EFBC}") = "Share", "Share\Share.csproj", "{32D8534A-C4F0-4BB3-BB9E-736D9B867372}"
EndProject
Project("{2150E333-8FDC-42A3-9474-1A3956D46DE8}") = "Frontend", "Frontend", "{D6C9BA2C-F1E8-49B2-B095-6C12A4D3EA7D}"
EndProject
Project("{FAE04EC0-301F-11D3-BF4B-00C04F79EFBC}") = "Frontend.Web", "Frontend\Frontend.Web\Frontend.Web.csproj", "{4E07D484-96B3-4A4E-9151-FDF5F015333E}"
EndProject
Project("{FAE04EC0-301F-11D3-BF4B-00C04F79EFBC}") = "Frontend.Shared", "Frontend\Frontend.Shared\Frontend.Shared.csproj", "{27CFA56C-B2FB-4DB6-B124-F37E41225CD6}"
EndProject
Project("{FAE04EC0-301F-11D3-BF4B-00C04F79EFBC}") = "Frontend", "Frontend\Frontend\Frontend.csproj", "{AA7FB50E-DA45-4D47-B2E7-CD7D74092E44}"
EndProject
Global
	GlobalSection(SolutionConfigurationPlatforms) = preSolution
		Debug|Any CPU = Debug|Any CPU
		Release|Any CPU = Release|Any CPU
	EndGlobalSection
	GlobalSection(SolutionProperties) = preSolution
		HideSolutionNode = FALSE
	EndGlobalSection
	GlobalSection(ProjectConfigurationPlatforms) = postSolution
		{D96E8187-BFCE-48D9-AC7E-B773F1DC9718}.Debug|Any CPU.ActiveCfg = Debug|Any CPU
		{D96E8187-BFCE-48D9-AC7E-B773F1DC9718}.Debug|Any CPU.Build.0 = Debug|Any CPU
		{D96E8187-BFCE-48D9-AC7E-B773F1DC9718}.Release|Any CPU.ActiveCfg = Release|Any CPU
		{D96E8187-BFCE-48D9-AC7E-B773F1DC9718}.Release|Any CPU.Build.0 = Release|Any CPU
		{32D8534A-C4F0-4BB3-BB9E-736D9B867372}.Debug|Any CPU.ActiveCfg = Debug|Any CPU
		{32D8534A-C4F0-4BB3-BB9E-736D9B867372}.Debug|Any CPU.Build.0 = Debug|Any CPU
		{32D8534A-C4F0-4BB3-BB9E-736D9B867372}.Release|Any CPU.ActiveCfg = Release|Any CPU
		{32D8534A-C4F0-4BB3-BB9E-736D9B867372}.Release|Any CPU.Build.0 = Release|Any CPU
		{4E07D484-96B3-4A4E-9151-FDF5F015333E}.Debug|Any CPU.ActiveCfg = Debug|Any CPU
		{4E07D484-96B3-4A4E-9151-FDF5F015333E}.Debug|Any CPU.Build.0 = Debug|Any CPU
		{4E07D484-96B3-4A4E-9151-FDF5F015333E}.Release|Any CPU.ActiveCfg = Release|Any CPU
		{4E07D484-96B3-4A4E-9151-FDF5F015333E}.Release|Any CPU.Build.0 = Release|Any CPU
		{27CFA56C-B2FB-4DB6-B124-F37E41225CD6}.Debug|Any CPU.ActiveCfg = Debug|Any CPU
		{27CFA56C-B2FB-4DB6-B124-F37E41225CD6}.Debug|Any CPU.Build.0 = Debug|Any CPU
		{27CFA56C-B2FB-4DB6-B124-F37E41225CD6}.Release|Any CPU.ActiveCfg = Release|Any CPU
		{27CFA56C-B2FB-4DB6-B124-F37E41225CD6}.Release|Any CPU.Build.0 = Release|Any CPU
		{AA7FB50E-DA45-4D47-B2E7-CD7D74092E44}.Debug|Any CPU.ActiveCfg = Debug|Any CPU
		{AA7FB50E-DA45-4D47-B2E7-CD7D74092E44}.Debug|Any CPU.Build.0 = Debug|Any CPU
		{AA7FB50E-DA45-4D47-B2E7-CD7D74092E44}.Release|Any CPU.ActiveCfg = Release|Any CPU
		{AA7FB50E-DA45-4D47-B2E7-CD7D74092E44}.Release|Any CPU.Build.0 = Release|Any CPU
	EndGlobalSection
	GlobalSection(NestedProjects) = preSolution
		{4E07D484-96B3-4A4E-9151-FDF5F015333E} = {D6C9BA2C-F1E8-49B2-B095-6C12A4D3EA7D}
		{27CFA56C-B2FB-4DB6-B124-F37E41225CD6} = {D6C9BA2C-F1E8-49B2-B095-6C12A4D3EA7D}
		{AA7FB50E-DA45-4D47-B2E7-CD7D74092E44} = {D6C9BA2C-F1E8-49B2-B095-6C12A4D3EA7D}
	EndGlobalSection
EndGlobal
